# This file is automatically @generated by Cargo.
# It is not intended for manual editing.
version = 4

[[package]]
name = "diavolo"
version = "0.0.0"

[[package]]
name = "diavolo-ext4"
version = "0.0.0"

[[package]]
name = "diavolo-format"
version = "0.0.0"

[[package]]
name = "diavolo-fuse"
version = "0.0.0"

[[package]]
name = "diavolo-index"
version = "0.0.0"

[[package]]
name = "xtask"
version = "0.0.0"
